<?xml version="1.0" encoding="utf-8"?>
<Project ToolsVersion="4.0" xmlns="http://schemas.microsoft.com/developer/msbuild/2003">
  <ItemGroup>
    <ClCompile Include="stdafx.cpp" />
    <ClCompile Include="Main.cpp" />
    <ClCompile Include="InstancingDemo.cpp">
      <Filter>Instancing</Filter>
    </ClCompile>
    <ClCompile Include="InstanceFrameworkDemo.cpp">
      <Filter>Instancing</Filter>
    </ClCompile>
    <ClCompile Include="InstancingColliderDemo.cpp">
      <Filter>Instancing</Filter>
    </ClCompile>
    <ClCompile Include="Battle.cpp">
      <Filter>Portfolio</Filter>
    </ClCompile>
    <ClCompile Include="TerrainLodDemo.cpp">
      <Filter>CreateMap</Filter>
    </ClCompile>
  </ItemGroup>
  <ItemGroup>
    <ClInclude Include="stdafx.h" />
    <ClInclude Include="Main.h" />
    <ClInclude Include="InstancingDemo.h">
      <Filter>Instancing</Filter>
    </ClInclude>
    <ClInclude Include="InstanceFrameworkDemo.h">
      <Filter>Instancing</Filter>
    </ClInclude>
    <ClInclude Include="InstancingColliderDemo.h">
      <Filter>Instancing</Filter>
    </ClInclude>
    <ClInclude Include="Battle.h">
      <Filter>Portfolio</Filter>
    </ClInclude>
    <ClInclude Include="TerrainLodDemo.h">
      <Filter>CreateMap</Filter>
    </ClInclude>
  </ItemGroup>
  <ItemGroup>
    <Filter Include="Instancing">
      <UniqueIdentifier>{1121eaa5-6196-40c8-b677-042018b71df9}</UniqueIdentifier>
    </Filter>
    <Filter Include="Portfolio">
      <UniqueIdentifier>{15099a2d-33f8-495b-a6f2-bfc3cfb22756}</UniqueIdentifier>
    </Filter>
    <Filter Include="CreateMap">
      <UniqueIdentifier>{770e002e-a2b3-4ff9-8d23-ddfbde88cf0a}</UniqueIdentifier>
    </Filter>
  </ItemGroup>
</Project>